
Microsoft Visual Studio Solution File, Format Version 12.00
# Visual Studio Version 17
VisualStudioVersion = 17.0.31912.275
MinimumVisualStudioVersion = 10.0.40219.1
Project("{FAE04EC0-301F-11D3-BF4B-00C04F79EFBC}") = "Quiz Maker2", "Quiz Maker2.csproj", "{AC851986-B4FB-46FB-AD08-461BF664972E}"
EndProject
Global
	GlobalSection(SolutionConfigurationPlatforms) = preSolution
		Debug|Any CPU = Debug|Any CPU
		Release|Any CPU = Release|Any CPU
	EndGlobalSection
	GlobalSection(ProjectConfigurationPlatforms) = postSolution
		{AC851986-B4FB-46FB-AD08-461BF664972E}.Debug|Any CPU.ActiveCfg = Debug|Any CPU
		{AC851986-B4FB-46FB-AD08-461BF664972E}.Debug|Any CPU.Build.0 = Debug|Any CPU
		{AC851986-B4FB-46FB-AD08-461BF664972E}.Release|Any CPU.ActiveCfg = Release|Any CPU
		{AC851986-B4FB-46FB-AD08-461BF664972E}.Release|Any CPU.Build.0 = Release|Any CPU
	EndGlobalSection
	GlobalSection(SolutionProperties) = preSolution
		HideSolutionNode = FALSE
	EndGlobalSection
	GlobalSection(ExtensibilityGlobals) = postSolution
		SolutionGuid = {98C53B18-C22F-4361-9C9B-C1C4C5B97A52}
	EndGlobalSection
EndGlobal
